<?xml version="1.0" encoding="utf-8"?>
<Project ToolsVersion="4.0" xmlns="http://schemas.microsoft.com/developer/msbuild/2003">
  <ItemGroup>
    <Filter Include="win32">
      <UniqueIdentifier>{84a8ebd7-7cf0-47f6-b75e-d441df67da40}</UniqueIdentifier>
    </Filter>
    <Filter Include="resource">
      <UniqueIdentifier>{715254bc-d70b-4ec5-bf29-467dd3ace079}</UniqueIdentifier>
    </Filter>
    <Filter Include="src">
      <UniqueIdentifier>{bb6c862e-70e9-49d9-81b7-3829a6f50471}</UniqueIdentifier>
    </Filter>
  </ItemGroup>
  <ItemGroup>
    <ClCompile Include="main.cpp">
      <Filter>win32</Filter>
    </ClCompile>
    <ClCompile Include="..\Classes\AppDelegate.cpp">
      <Filter>src</Filter>
    </ClCompile>
    <ClCompile Include="..\Classes\HelloWorldScene.cpp">
      <Filter>src</Filter>
    </ClCompile>
    <ClCompile Include="..\Classes\configs\models\LevelConfig.cpp" />
    <ClCompile Include="..\Classes\configs\models\CardResConfig.cpp" />
    <ClCompile Include="..\Classes\configs\loaders\LevelConfigLoader.cpp" />
    <ClCompile Include="..\Classes\models\CardModel.cpp" />
    <ClCompile Include="..\Classes\models\GameModel.cpp" />
    <ClCompile Include="..\Classes\models\UndoModel.cpp" />
    <ClCompile Include="..\Classes\views\CardView.cpp" />
    <ClCompile Include="..\Classes\views\GameView.cpp" />
    <ClCompile Include="..\Classes\controllers\GameController.cpp" />
    <ClCompile Include="..\Classes\managers\UndoManager.cpp" />
    <ClCompile Include="..\Classes\services\GameModelFromLevelGenerator.cpp" />
  </ItemGroup>
  <ItemGroup>
    <ClInclude Include="main.h">
      <Filter>win32</Filter>
    </ClInclude>
    <ClInclude Include="..\Classes\AppDelegate.h">
      <Filter>src</Filter>
    </ClInclude>
    <ClInclude Include="..\Classes\HelloWorldScene.h">
      <Filter>src</Filter>
    </ClInclude>
    <ClInclude Include="..\Classes\utils\CardTypes.h" />
    <ClInclude Include="..\Classes\configs\models\LevelConfig.h" />
    <ClInclude Include="..\Classes\configs\models\CardResConfig.h" />
    <ClInclude Include="..\Classes\configs\loaders\LevelConfigLoader.h" />
    <ClInclude Include="..\Classes\models\CardModel.h" />
    <ClInclude Include="..\Classes\models\GameModel.h" />
    <ClInclude Include="..\Classes\models\UndoModel.h" />
    <ClInclude Include="..\Classes\views\CardView.h" />
    <ClInclude Include="..\Classes\views\GameView.h" />
    <ClInclude Include="..\Classes\controllers\GameController.h" />
    <ClInclude Include="..\Classes\managers\UndoManager.h" />
    <ClInclude Include="..\Classes\services\GameModelFromLevelGenerator.h" />
  </ItemGroup>
  <ItemGroup>
    <ResourceCompile Include="game.rc">
      <Filter>resource</Filter>
    </ResourceCompile>
  </ItemGroup>
</Project>